// !$*UTF8*$!
{
	archiveVersion = 1;
	classes = {
	};
	objectVersion = 48;
	objects = {

/* Begin PBXBuildFile section */
		20C63D9B20131B4E0009F64D /* AppDelegate.swift in Sources */ = {isa = PBXBuildFile; fileRef = 20C63D9A20131B4E0009F64D /* AppDelegate.swift */; };
		20C63D9D20131B4E0009F64D /* ViewController.swift in Sources */ = {isa = PBXBuildFile; fileRef = 20C63D9C20131B4E0009F64D /* ViewController.swift */; };
		20C63DA020131B4E0009F64D /* Main.storyboard in Resources */ = {isa = PBXBuildFile; fileRef = 20C63D9E20131B4E0009F64D /* Main.storyboard */; };
		20C63DA220131B4E0009F64D /* Assets.xcassets in Resources */ = {isa = PBXBuildFile; fileRef = 20C63DA120131B4E0009F64D /* Assets.xcassets */; };
		20C63DA520131B4E0009F64D /* LaunchScreen.storyboard in Resources */ = {isa = PBXBuildFile; fileRef = 20C63DA320131B4E0009F64D /* LaunchScreen.storyboard */; };
		20C63DAD201335EB0009F64D /* Transmission.swift in Sources */ = {isa = PBXBuildFile; fileRef = 20C63DAC201335EB0009F64D /* Transmission.swift */; };
/* End PBXBuildFile section */

/* Begin PBXFileReference section */
		20C63D9720131B4E0009F64D /* Magnetic.app */ = {isa = PBXFileReference; explicitFileType = wrapper.application; includeInIndex = 0; path = Magnetic.app; sourceTree = BUILT_PRODUCTS_DIR; };
		20C63D9A20131B4E0009F64D /* AppDelegate.swift */ = {isa = PBXFileReference; lastKnownFileType = sourcecode.swift; path = AppDelegate.swift; sourceTree = "<group>"; };
		20C63D9C20131B4E0009F64D /* ViewController.swift */ = {isa = PBXFileReference; lastKnownFileType = sourcecode.swift; path = ViewController.swift; sourceTree = "<group>"; };
		20C63D9F20131B4E0009F64D /* Base */ = {isa = PBXFileReference; lastKnownFileType = file.storyboard; name = Base; path = Base.lproj/Main.storyboard; sourceTree = "<group>"; };
		20C63DA120131B4E0009F64D /* Assets.xcassets */ = {isa = PBXFileReference; lastKnownFileType = folder.assetcatalog; path = Assets.xcassets; sourceTree = "<group>"; };
		20C63DA420131B4E0009F64D /* Base */ = {isa = PBXFileReference; lastKnownFileType = file.storyboard; name = Base; path = Base.lproj/LaunchScreen.storyboard; sourceTree = "<group>"; };
		20C63DA620131B4E0009F64D /* Info.plist */ = {isa = PBXFileReference; lastKnownFileType = text.plist.xml; path = Info.plist; sourceTree = "<group>"; };
		20C63DAC201335EB0009F64D /* Transmission.swift */ = {isa = PBXFileReference; lastKnownFileType = sourcecode.swift; path = Transmission.swift; sourceTree = "<group>"; };
/* End PBXFileReference section */

/* Begin PBXFrameworksBuildPhase section */
		20C63D9420131B4E0009F64D /* Frameworks */ = {
			isa = PBXFrameworksBuildPhase;
			buildActionMask = 2147483647;
			files = (
			);
			runOnlyForDeploymentPostprocessing = 0;
		};
/* End PBXFrameworksBuildPhase section */

/* Begin PBXGroup section */
		20C63D8E20131B4E0009F64D = {
			isa = PBXGroup;
			children = (
				20C63D9920131B4E0009F64D /* Magnetic */,
				20C63D9820131B4E0009F64D /* Products */,
			);
			sourceTree = "<group>";
		};
		20C63D9820131B4E0009F64D /* Products */ = {
			isa = PBXGroup;
			children = (
				20C63D9720131B4E0009F64D /* Magnetic.app */,
			);
			name = Products;
			sourceTree = "<group>";
		};
		20C63D9920131B4E0009F64D /* Magnetic */ = {
			isa = PBXGroup;
			children = (
				20C63D9A20131B4E0009F64D /* AppDelegate.swift */,
				20C63D9C20131B4E0009F64D /* ViewController.swift */,
				20C63D9E20131B4E0009F64D /* Main.storyboard */,
				20C63DA120131B4E0009F64D /* Assets.xcassets */,
				20C63DA320131B4E0009F64D /* LaunchScreen.storyboard */,
				20C63DA620131B4E0009F64D /* Info.plist */,
				20C63DAC201335EB0009F64D /* Transmission.swift */,
			);
			path = Magnetic;
			sourceTree = "<group>";
		};
/* End PBXGroup section */

/* Begin PBXNativeTarget section */
		20C63D9620131B4E0009F64D /* Magnetic */ = {
			isa = PBXNativeTarget;
			buildConfigurationList = 20C63DA920131B4E0009F64D /* Build configuration list for PBXNativeTarget "Magnetic" */;
			buildPhases = (
				20C63D9320131B4E0009F64D /* Sources */,
				20C63D9420131B4E0009F64D /* Frameworks */,
				20C63D9520131B4E0009F64D /* Resources */,
			);
			buildRules = (
			);
			dependencies = (
			);
			name = Magnetic;
			productName = Magnetic;
			productReference = 20C63D9720131B4E0009F64D /* Magnetic.app */;
			productType = "com.apple.product-type.application";
		};
/* End PBXNativeTarget section */

/* Begin PBXProject section */
		20C63D8F20131B4E0009F64D /* Project object */ = {
			isa = PBXProject;
			attributes = {
				LastSwiftUpdateCheck = 0920;
				LastUpgradeCheck = 0920;
				ORGANIZATIONNAME = "Evan Purkhiser";
				TargetAttributes = {
					20C63D9620131B4E0009F64D = {
						CreatedOnToolsVersion = 9.2;
						ProvisioningStyle = Automatic;
					};
				};
			};
			buildConfigurationList = 20C63D9220131B4E0009F64D /* Build configuration list for PBXProject "Magnetic" */;
			compatibilityVersion = "Xcode 8.0";
			developmentRegion = en;
			hasScannedForEncodings = 0;
			knownRegions = (
				en,
				Base,
			);
			mainGroup = 20C63D8E20131B4E0009F64D;
			productRefGroup = 20C63D9820131B4E0009F64D /* Products */;
			projectDirPath = "";
			projectRoot = "";
			targets = (
				20C63D9620131B4E0009F64D /* Magnetic */,
			);
		};
/* End PBXProject section */

/* Begin PBXResourcesBuildPhase section */
		20C63D9520131B4E0009F64D /* Resources */ = {
			isa = PBXResourcesBuildPhase;
			buildActionMask = 2147483647;
			files = (
				20C63DA520131B4E0009F64D /* LaunchScreen.storyboard in Resources */,
				20C63DA220131B4E0009F64D /* Assets.xcassets in Resources */,
				20C63DA020131B4E0009F64D /* Main.storyboard in Resources */,
			);
			runOnlyForDeploymentPostprocessing = 0;
		};
/* End PBXResourcesBuildPhase section */

/* Begin PBXSourcesBuildPhase section */
		20C63D9320131B4E0009F64D /* Sources */ = {
			isa = PBXSourcesBuildPhase;
			buildActionMask = 2147483647;
			files = (
				20C63DAD201335EB0009F64D /* Transmission.swift in Sources */,
				20C63D9D20131B4E0009F64D /* ViewController.swift in Sources */,
				20C63D9B20131B4E0009F64D /* AppDelegate.swift in Sources */,
			);
			runOnlyForDeploymentPostprocessing = 0;
		};
/* End PBXSourcesBuildPhase section */

/* Begin PBXVariantGroup section */
		20C63D9E20131B4E0009F64D /* Main.storyboard */ = {
			isa = PBXVariantGroup;
			children = (
				20C63D9F20131B4E0009F64D /* Base */,
			);
			name = Main.storyboard;
			sourceTree = "<group>";
		};
		20C63DA320131B4E0009F64D /* LaunchScreen.storyboard */ = {
			isa = PBXVariantGroup;
			children = (
				20C63DA420131B4E0009F64D /* Base */,
			);
			name = LaunchScreen.storyboard;
			sourceTree = "<group>";
		};
/* End PBXVariantGroup section */

/* Begin XCBuildConfiguration section */
		20C63DA720131B4E0009F64D /* Debug */ = {
			isa = XCBuildConfiguration;
			buildSettings = {
				ALWAYS_SEARCH_USER_PATHS = NO;
				CLANG_ANALYZER_NONNULL = YES;
				CLANG_ANALYZER_NUMBER_OBJECT_CONVERSION = YES_AGGRESSIVE;
				CLANG_CXX_LANGUAGE_STANDARD = "gnu++14";
				CLANG_CXX_LIBRARY = "libc++";
				CLANG_ENABLE_MODULES = YES;
				CLANG_ENABLE_OBJC_ARC = YES;
				CLANG_WARN_BLOCK_CAPTURE_AUTORELEASING = YES;
				CLANG_WARN_BOOL_CONVERSION = YES;
				CLANG_WARN_COMMA = YES;
				CLANG_WARN_CONSTANT_CONVERSION = YES;
				CLANG_WARN_DIRECT_OBJC_ISA_USAGE = YES_ERROR;
				CLANG_WARN_DOCUMENTATION_COMMENTS = YES;
				CLANG_WARN_EMPTY_BODY = YES;
				CLANG_WARN_ENUM_CONVERSION = YES;
				CLANG_WARN_INFINITE_RECURSION = YES;
				CLANG_WARN_INT_CONVERSION = YES;
				CLANG_WARN_NON_LITERAL_NULL_CONVERSION = YES;
				CLANG_WARN_OBJC_LITERAL_CONVERSION = YES;
				CLANG_WARN_OBJC_ROOT_CLASS = YES_ERROR;
				CLANG_WARN_RANGE_LOOP_ANALYSIS = YES;
				CLANG_WARN_STRICT_PROTOTYPES = YES;
				CLANG_WARN_SUSPICIOUS_MOVE = YES;
				CLANG_WARN_UNGUARDED_AVAILABILITY = YES_AGGRESSIVE;
				CLANG_WARN_UNREACHABLE_CODE = YES;
				CLANG_WARN__DUPLICATE_METHOD_MATCH = YES;
				CODE_SIGN_IDENTITY = "iPhone Developer";
				COPY_PHASE_STRIP = NO;
				DEBUG_INFORMATION_FORMAT = dwarf;
				ENABLE_STRICT_OBJC_MSGSEND = YES;
				ENABLE_TESTABILITY = YES;
				GCC_C_LANGUAGE_STANDARD = gnu11;
				GCC_DYNAMIC_NO_PIC = NO;
				GCC_NO_COMMON_BLOCKS = YES;
				GCC_OPTIMIZATION_LEVEL = 0;
				GCC_PREPROCESSOR_DEFINITIONS = (
					"DEBUG=1",
					"$(inherited)",
				);
				GCC_WARN_64_TO_32_BIT_CONVERSION = YES;
				GCC_WARN_ABOUT_RETURN_TYPE = YES_ERROR;
				GCC_WARN_UNDECLARED_SELECTOR = YES;
				GCC_WARN_UNINITIALIZED_AUTOS = YES_AGGRESSIVE;
				GCC_WARN_UNUSED_FUNCTION = YES;
				GCC_WARN_UNUSED_VARIABLE = YES;
				IPHONEOS_DEPLOYMENT_TARGET = 11.2;
				MTL_ENABLE_DEBUG_INFO = YES;
				ONLY_ACTIVE_ARCH = YES;
				SDKROOT = iphoneos;
				SWIFT_ACTIVE_COMPILATION_CONDITIONS = DEBUG;
				SWIFT_OPTIMIZATION_LEVEL = "-Onone";
			};
			name = Debug;
		};
		20C63DA820131B4E0009F64D /* Release */ = {
			isa = XCBuildConfiguration;
			buildSettings = {
				ALWAYS_SEARCH_USER_PATHS = NO;
				CLANG_ANALYZER_NONNULL = YES;
				CLANG_ANALYZER_NUMBER_OBJECT_CONVERSION = YES_AGGRESSIVE;
				CLANG_CXX_LANGUAGE_STANDARD = "gnu++14";
				CLANG_CXX_LIBRARY = "libc++";
				CLANG_ENABLE_MODULES = YES;
				CLANG_ENABLE_OBJC_ARC = YES;
				CLANG_WARN_BLOCK_CAPTURE_AUTORELEASING = YES;
				CLANG_WARN_BOOL_CONVERSION = YES;
				CLANG_WARN_COMMA = YES;
				CLANG_WARN_CONSTANT_CONVERSION = YES;
				CLANG_WARN_DIRECT_OBJC_ISA_USAGE = YES_ERROR;
				CLANG_WARN_DOCUMENTATION_COMMENTS = YES;
				CLANG_WARN_EMPTY_BODY = YES;
				CLANG_WARN_ENUM_CONVERSION = YES;
				CLANG_WARN_INFINITE_RECURSION = YES;
				CLANG_WARN_INT_CONVERSION = YES;
				CLANG_WARN_NON_LITERAL_NULL_CONVERSION = YES;
				CLANG_WARN_OBJC_LITERAL_CONVERSION = YES;
				CLANG_WARN_OBJC_ROOT_CLASS = YES_ERROR;
				CLANG_WARN_RANGE_LOOP_ANALYSIS = YES;
				CLANG_WARN_STRICT_PROTOTYPES = YES;
				CLANG_WARN_SUSPICIOUS_MOVE = YES;
				CLANG_WARN_UNGUARDED_AVAILABILITY = YES_AGGRESSIVE;
				CLANG_WARN_UNREACHABLE_CODE = YES;
				CLANG_WARN__DUPLICATE_METHOD_MATCH = YES;
				CODE_SIGN_IDENTITY = "iPhone Developer";
				COPY_PHASE_STRIP = NO;
				DEBUG_INFORMATION_FORMAT = "dwarf-with-dsym";
				ENABLE_NS_ASSERTIONS = NO;
				ENABLE_STRICT_OBJC_MSGSEND = YES;
				GCC_C_LANGUAGE_STANDARD = gnu11;
				GCC_NO_COMMON_BLOCKS = YES;
				GCC_WARN_64_TO_32_BIT_CONVERSION = YES;
				GCC_WARN_ABOUT_RETURN_TYPE = YES_ERROR;
				GCC_WARN_UNDECLARED_SELECTOR = YES;
				GCC_WARN_UNINITIALIZED_AUTOS = YES_AGGRESSIVE;
				GCC_WARN_UNUSED_FUNCTION = YES;
				GCC_WARN_UNUSED_VARIABLE = YES;
				IPHONEOS_DEPLOYMENT_TARGET = 11.2;
				MTL_ENABLE_DEBUG_INFO = NO;
				SDKROOT = iphoneos;
				SWIFT_OPTIMIZATION_LEVEL = "-Owholemodule";
				VALIDATE_PRODUCT = YES;
			};
			name = Release;
		};
		20C63DAA20131B4E0009F64D /* Debug */ = {
			isa = XCBuildConfiguration;
			buildSettings = {
				ASSETCATALOG_COMPILER_APPICON_NAME = AppIcon;
				CODE_SIGN_STYLE = Automatic;
				DEVELOPMENT_TEAM = NFTH6B9GKT;
				INFOPLIST_FILE = Magnetic/Info.plist;
				LD_RUNPATH_SEARCH_PATHS = "$(inherited) @executable_path/Frameworks";
				PRODUCT_BUNDLE_IDENTIFIER = com.evanpurkhiser.Magnetic;
				PRODUCT_NAME = "$(TARGET_NAME)";
				SWIFT_VERSION = 4.0;
				TARGETED_DEVICE_FAMILY = "1,2";
			};
			name = Debug;
		};
		20C63DAB20131B4E0009F64D /* Release */ = {
			isa = XCBuildConfiguration;
			buildSettings = {
				ASSETCATALOG_COMPILER_APPICON_NAME = AppIcon;
				CODE_SIGN_STYLE = Automatic;
				DEVELOPMENT_TEAM = NFTH6B9GKT;
				INFOPLIST_FILE = Magnetic/Info.plist;
				LD_RUNPATH_SEARCH_PATHS = "$(inherited) @executable_path/Frameworks";
				PRODUCT_BUNDLE_IDENTIFIER = com.evanpurkhiser.Magnetic;
				PRODUCT_NAME = "$(TARGET_NAME)";
				SWIFT_VERSION = 4.0;
				TARGETED_DEVICE_FAMILY = "1,2";
			};
			name = Release;
		};
/* End XCBuildConfiguration section */

/* Begin XCConfigurationList section */
		20C63D9220131B4E0009F64D /* Build configuration list for PBXProject "Magnetic" */ = {
			isa = XCConfigurationList;
			buildConfigurations = (
				20C63DA720131B4E0009F64D /* Debug */,
				20C63DA820131B4E0009F64D /* Release */,
			);
			defaultConfigurationIsVisible = 0;
			defaultConfigurationName = Release;
		};
		20C63DA920131B4E0009F64D /* Build configuration list for PBXNativeTarget "Magnetic" */ = {
			isa = XCConfigurationList;
			buildConfigurations = (
				20C63DAA20131B4E0009F64D /* Debug */,
				20C63DAB20131B4E0009F64D /* Release */,
			);
			defaultConfigurationIsVisible = 0;
			defaultConfigurationName = Release;
		};
/* End XCConfigurationList section */
	};
	rootObject = 20C63D8F20131B4E0009F64D /* Project object */;
}
